{
    "_readme": [
        "This file locks the dependencies of your project to a known state",
        "Read more about it at https://getcomposer.org/doc/01-basic-usage.md#composer-lock-the-lock-file",
        "This file is @generated automatically"
    ],
    "hash": "19344e93fe59c71b931d5b0206642b08",
    "content-hash": "5500f35cfd2362f6900ef17f0996bef1",
    "packages": [
        {
            "name": "dao/plug",
            "version": "v1.0.6",
            "source": {
                "type": "git",
                "url": "https://github.com/danny-allen/plug.git",
                "reference": "de39a29816f43bf317d076987079886d60a4e1a5"
            },
            "require": {
                "php": ">=5.5.0"
            },
            "type": "library",
            "autoload": {
                "psr-4": {
                    "Dao\\": "src/"
                }
            },
            "authors": [
                {
                    "name": "Danny Allen",
                    "email": "danny@naaa.com"
                }
            ],
            "description": "Sockets!",
            "time": "2016-03-03 14:35:42"
        },
        {
            "name": "dao/xmlhandler",
            "version": "v1.0.5",
            "source": {
                "type": "git",
                "url": "https://github.com/danny-allen/xmlhandler.git",
                "reference": "e209eca5d54e6503e83c427e2dae76ff16e05246"
            },
            "require": {
                "php": ">=5.5.0"
            },
            "type": "library",
            "autoload": {
                "psr-4": {
                    "Dao\\": "src/"
                }
            },
            "authors": [
                {
                    "name": "Danny Allen",
                    "email": "danny@naaa.com"
                }
            ],
            "description": "XML Helpers.",
            "time": "2016-03-03 14:35:54"
        }
    ],
    "packages-dev": [],
    "aliases": [],
    "minimum-stability": "stable",
    "stability-flags": [],
    "prefer-stable": false,
    "prefer-lowest": false,
    "platform": {
        "php": ">=5.5.0"
    },
    "platform-dev": []
}
