{
    "_readme": [
        "This file locks the dependencies of your project to a known state",
        "Read more about it at https://getcomposer.org/doc/01-basic-usage.md#composer-lock-the-lock-file",
        "This file is @generated automatically"
    ],
    "hash": "1633f2893addce54ad9d5ddfb5c693f9",
    "content-hash": "91754051ad6cc86a9bce4e81c67461f1",
    "packages": [
        {
            "name": "dao/plug",
            "version": "v1.0.5",
            "source": {
                "type": "git",
                "url": "https://github.com/danny-allen/plug.git",
                "reference": "81183772f2a833229dcaf1beee85e761241e40c8"
            },
            "require": {
                "php": ">=5.5.0"
            },
            "type": "library",
            "autoload": {
                "psr-4": {
                    "Dao\\": "src/"
                }
            },
            "authors": [
                {
                    "name": "Danny Allen",
                    "email": "danny@naaa.com"
                }
            ],
            "description": "Sockets!",
            "time": "2016-03-03 14:27:26"
        },
        {
            "name": "dao/xmlhandler",
            "version": "v1.0.4",
            "source": {
                "type": "git",
                "url": "https://github.com/danny-allen/xmlhandler.git",
                "reference": "8fbde181592badae0ad4136d98dad555d34bf8e7"
            },
            "require": {
                "php": ">=5.5.0"
            },
            "type": "library",
            "autoload": {
                "psr-4": {
                    "Dao\\": "src/"
                }
            },
            "authors": [
                {
                    "name": "Danny Allen",
                    "email": "danny@naaa.com"
                }
            ],
            "description": "XML Helpers.",
            "time": "2016-03-03 14:27:54"
        }
    ],
    "packages-dev": [],
    "aliases": [],
    "minimum-stability": "dev",
    "stability-flags": [],
    "prefer-stable": false,
    "prefer-lowest": false,
    "platform": {
        "php": ">=5.5.0"
    },
    "platform-dev": []
}
